
Microsoft Visual Studio Solution File, Format Version 11.00
# Visual Studio 2010 Express for Windows Phone
Project("{F184B08F-C81C-45F6-A57F-5ABD9991F28F}") = "sdkShellTileScheduleVB", "sdkShellTileScheduleVB\sdkShellTileScheduleVB.vbproj", "{173EED34-877E-4782-9406-3474A766517A}"
EndProject
Global
	GlobalSection(SolutionConfigurationPlatforms) = preSolution
		Debug|Any CPU = Debug|Any CPU
		Release|Any CPU = Release|Any CPU
	EndGlobalSection
	GlobalSection(ProjectConfigurationPlatforms) = postSolution
		{173EED34-877E-4782-9406-3474A766517A}.Debug|Any CPU.ActiveCfg = Debug|Any CPU
		{173EED34-877E-4782-9406-3474A766517A}.Debug|Any CPU.Build.0 = Debug|Any CPU
		{173EED34-877E-4782-9406-3474A766517A}.Debug|Any CPU.Deploy.0 = Debug|Any CPU
		{173EED34-877E-4782-9406-3474A766517A}.Release|Any CPU.ActiveCfg = Release|Any CPU
		{173EED34-877E-4782-9406-3474A766517A}.Release|Any CPU.Build.0 = Release|Any CPU
		{173EED34-877E-4782-9406-3474A766517A}.Release|Any CPU.Deploy.0 = Release|Any CPU
	EndGlobalSection
	GlobalSection(SolutionProperties) = preSolution
		HideSolutionNode = FALSE
	EndGlobalSection
EndGlobal
