
Microsoft Visual Studio Solution File, Format Version 12.00
# Visual Studio Express 2013 for Windows
VisualStudioVersion = 12.0.20605.0 PREVIEW
MinimumVisualStudioVersion = 10.0.40219.1
Project("{FAE04EC0-301F-11D3-BF4B-00C04F79EFBC}") = "HelloWorld_Part1", "HelloWorld_Part1\HelloWorld_Part1.csproj", "{49E6ED70-5A2B-4A22-BE1A-196806D21C97}"
EndProject
Project("{FAE04EC0-301F-11D3-BF4B-00C04F79EFBC}") = "HelloWorld_Part2", "HelloWorld_Part2\HelloWorld_Part2.csproj", "{EDA3EA2B-ACE4-402E-A75A-7383EF984878}"
EndProject
Project("{FAE04EC0-301F-11D3-BF4B-00C04F79EFBC}") = "HelloWorld_Part3", "HelloWorld_Part3\HelloWorld_Part3.csproj", "{7A71C7FE-C8DB-4476-A9F0-E03B16A7D89D}"
EndProject
Project("{FAE04EC0-301F-11D3-BF4B-00C04F79EFBC}") = "HelloWorld_Part4", "HelloWorld_Part4\HelloWorld_Part4.csproj", "{CEDE531B-BF40-42D4-A6A4-4FC2C15063A2}"
EndProject
Global
	GlobalSection(SolutionConfigurationPlatforms) = preSolution
		Debug|Any CPU = Debug|Any CPU
		Debug|ARM = Debug|ARM
		Debug|x64 = Debug|x64
		Debug|x86 = Debug|x86
		Release|Any CPU = Release|Any CPU
		Release|ARM = Release|ARM
		Release|x64 = Release|x64
		Release|x86 = Release|x86
	EndGlobalSection
	GlobalSection(ProjectConfigurationPlatforms) = postSolution
		{49E6ED70-5A2B-4A22-BE1A-196806D21C97}.Debug|Any CPU.ActiveCfg = Debug|Any CPU
		{49E6ED70-5A2B-4A22-BE1A-196806D21C97}.Debug|Any CPU.Build.0 = Debug|Any CPU
		{49E6ED70-5A2B-4A22-BE1A-196806D21C97}.Debug|Any CPU.Deploy.0 = Debug|Any CPU
		{49E6ED70-5A2B-4A22-BE1A-196806D21C97}.Debug|ARM.ActiveCfg = Debug|ARM
		{49E6ED70-5A2B-4A22-BE1A-196806D21C97}.Debug|ARM.Build.0 = Debug|ARM
		{49E6ED70-5A2B-4A22-BE1A-196806D21C97}.Debug|ARM.Deploy.0 = Debug|ARM
		{49E6ED70-5A2B-4A22-BE1A-196806D21C97}.Debug|x64.ActiveCfg = Debug|x64
		{49E6ED70-5A2B-4A22-BE1A-196806D21C97}.Debug|x64.Build.0 = Debug|x64
		{49E6ED70-5A2B-4A22-BE1A-196806D21C97}.Debug|x64.Deploy.0 = Debug|x64
		{49E6ED70-5A2B-4A22-BE1A-196806D21C97}.Debug|x86.ActiveCfg = Debug|x86
		{49E6ED70-5A2B-4A22-BE1A-196806D21C97}.Debug|x86.Build.0 = Debug|x86
		{49E6ED70-5A2B-4A22-BE1A-196806D21C97}.Debug|x86.Deploy.0 = Debug|x86
		{49E6ED70-5A2B-4A22-BE1A-196806D21C97}.Release|Any CPU.ActiveCfg = Release|Any CPU
		{49E6ED70-5A2B-4A22-BE1A-196806D21C97}.Release|Any CPU.Build.0 = Release|Any CPU
		{49E6ED70-5A2B-4A22-BE1A-196806D21C97}.Release|Any CPU.Deploy.0 = Release|Any CPU
		{49E6ED70-5A2B-4A22-BE1A-196806D21C97}.Release|ARM.ActiveCfg = Release|ARM
		{49E6ED70-5A2B-4A22-BE1A-196806D21C97}.Release|ARM.Build.0 = Release|ARM
		{49E6ED70-5A2B-4A22-BE1A-196806D21C97}.Release|ARM.Deploy.0 = Release|ARM
		{49E6ED70-5A2B-4A22-BE1A-196806D21C97}.Release|x64.ActiveCfg = Release|x64
		{49E6ED70-5A2B-4A22-BE1A-196806D21C97}.Release|x64.Build.0 = Release|x64
		{49E6ED70-5A2B-4A22-BE1A-196806D21C97}.Release|x64.Deploy.0 = Release|x64
		{49E6ED70-5A2B-4A22-BE1A-196806D21C97}.Release|x86.ActiveCfg = Release|x86
		{49E6ED70-5A2B-4A22-BE1A-196806D21C97}.Release|x86.Build.0 = Release|x86
		{49E6ED70-5A2B-4A22-BE1A-196806D21C97}.Release|x86.Deploy.0 = Release|x86
		{EDA3EA2B-ACE4-402E-A75A-7383EF984878}.Debug|Any CPU.ActiveCfg = Debug|Any CPU
		{EDA3EA2B-ACE4-402E-A75A-7383EF984878}.Debug|Any CPU.Build.0 = Debug|Any CPU
		{EDA3EA2B-ACE4-402E-A75A-7383EF984878}.Debug|Any CPU.Deploy.0 = Debug|Any CPU
		{EDA3EA2B-ACE4-402E-A75A-7383EF984878}.Debug|ARM.ActiveCfg = Debug|ARM
		{EDA3EA2B-ACE4-402E-A75A-7383EF984878}.Debug|ARM.Build.0 = Debug|ARM
		{EDA3EA2B-ACE4-402E-A75A-7383EF984878}.Debug|ARM.Deploy.0 = Debug|ARM
		{EDA3EA2B-ACE4-402E-A75A-7383EF984878}.Debug|x64.ActiveCfg = Debug|x64
		{EDA3EA2B-ACE4-402E-A75A-7383EF984878}.Debug|x64.Build.0 = Debug|x64
		{EDA3EA2B-ACE4-402E-A75A-7383EF984878}.Debug|x64.Deploy.0 = Debug|x64
		{EDA3EA2B-ACE4-402E-A75A-7383EF984878}.Debug|x86.ActiveCfg = Debug|x86
		{EDA3EA2B-ACE4-402E-A75A-7383EF984878}.Debug|x86.Build.0 = Debug|x86
		{EDA3EA2B-ACE4-402E-A75A-7383EF984878}.Debug|x86.Deploy.0 = Debug|x86
		{EDA3EA2B-ACE4-402E-A75A-7383EF984878}.Release|Any CPU.ActiveCfg = Release|Any CPU
		{EDA3EA2B-ACE4-402E-A75A-7383EF984878}.Release|Any CPU.Build.0 = Release|Any CPU
		{EDA3EA2B-ACE4-402E-A75A-7383EF984878}.Release|Any CPU.Deploy.0 = Release|Any CPU
		{EDA3EA2B-ACE4-402E-A75A-7383EF984878}.Release|ARM.ActiveCfg = Release|ARM
		{EDA3EA2B-ACE4-402E-A75A-7383EF984878}.Release|ARM.Build.0 = Release|ARM
		{EDA3EA2B-ACE4-402E-A75A-7383EF984878}.Release|ARM.Deploy.0 = Release|ARM
		{EDA3EA2B-ACE4-402E-A75A-7383EF984878}.Release|x64.ActiveCfg = Release|x64
		{EDA3EA2B-ACE4-402E-A75A-7383EF984878}.Release|x64.Build.0 = Release|x64
		{EDA3EA2B-ACE4-402E-A75A-7383EF984878}.Release|x64.Deploy.0 = Release|x64
		{EDA3EA2B-ACE4-402E-A75A-7383EF984878}.Release|x86.ActiveCfg = Release|x86
		{EDA3EA2B-ACE4-402E-A75A-7383EF984878}.Release|x86.Build.0 = Release|x86
		{EDA3EA2B-ACE4-402E-A75A-7383EF984878}.Release|x86.Deploy.0 = Release|x86
		{7A71C7FE-C8DB-4476-A9F0-E03B16A7D89D}.Debug|Any CPU.ActiveCfg = Debug|Any CPU
		{7A71C7FE-C8DB-4476-A9F0-E03B16A7D89D}.Debug|Any CPU.Build.0 = Debug|Any CPU
		{7A71C7FE-C8DB-4476-A9F0-E03B16A7D89D}.Debug|Any CPU.Deploy.0 = Debug|Any CPU
		{7A71C7FE-C8DB-4476-A9F0-E03B16A7D89D}.Debug|ARM.ActiveCfg = Debug|ARM
		{7A71C7FE-C8DB-4476-A9F0-E03B16A7D89D}.Debug|ARM.Build.0 = Debug|ARM
		{7A71C7FE-C8DB-4476-A9F0-E03B16A7D89D}.Debug|ARM.Deploy.0 = Debug|ARM
		{7A71C7FE-C8DB-4476-A9F0-E03B16A7D89D}.Debug|x64.ActiveCfg = Debug|x64
		{7A71C7FE-C8DB-4476-A9F0-E03B16A7D89D}.Debug|x64.Build.0 = Debug|x64
		{7A71C7FE-C8DB-4476-A9F0-E03B16A7D89D}.Debug|x64.Deploy.0 = Debug|x64
		{7A71C7FE-C8DB-4476-A9F0-E03B16A7D89D}.Debug|x86.ActiveCfg = Debug|x86
		{7A71C7FE-C8DB-4476-A9F0-E03B16A7D89D}.Debug|x86.Build.0 = Debug|x86
		{7A71C7FE-C8DB-4476-A9F0-E03B16A7D89D}.Debug|x86.Deploy.0 = Debug|x86
		{7A71C7FE-C8DB-4476-A9F0-E03B16A7D89D}.Release|Any CPU.ActiveCfg = Release|Any CPU
		{7A71C7FE-C8DB-4476-A9F0-E03B16A7D89D}.Release|Any CPU.Build.0 = Release|Any CPU
		{7A71C7FE-C8DB-4476-A9F0-E03B16A7D89D}.Release|Any CPU.Deploy.0 = Release|Any CPU
		{7A71C7FE-C8DB-4476-A9F0-E03B16A7D89D}.Release|ARM.ActiveCfg = Release|ARM
		{7A71C7FE-C8DB-4476-A9F0-E03B16A7D89D}.Release|ARM.Build.0 = Release|ARM
		{7A71C7FE-C8DB-4476-A9F0-E03B16A7D89D}.Release|ARM.Deploy.0 = Release|ARM
		{7A71C7FE-C8DB-4476-A9F0-E03B16A7D89D}.Release|x64.ActiveCfg = Release|x64
		{7A71C7FE-C8DB-4476-A9F0-E03B16A7D89D}.Release|x64.Build.0 = Release|x64
		{7A71C7FE-C8DB-4476-A9F0-E03B16A7D89D}.Release|x64.Deploy.0 = Release|x64
		{7A71C7FE-C8DB-4476-A9F0-E03B16A7D89D}.Release|x86.ActiveCfg = Release|x86
		{7A71C7FE-C8DB-4476-A9F0-E03B16A7D89D}.Release|x86.Build.0 = Release|x86
		{7A71C7FE-C8DB-4476-A9F0-E03B16A7D89D}.Release|x86.Deploy.0 = Release|x86
		{CEDE531B-BF40-42D4-A6A4-4FC2C15063A2}.Debug|Any CPU.ActiveCfg = Debug|Any CPU
		{CEDE531B-BF40-42D4-A6A4-4FC2C15063A2}.Debug|Any CPU.Build.0 = Debug|Any CPU
		{CEDE531B-BF40-42D4-A6A4-4FC2C15063A2}.Debug|Any CPU.Deploy.0 = Debug|Any CPU
		{CEDE531B-BF40-42D4-A6A4-4FC2C15063A2}.Debug|ARM.ActiveCfg = Debug|ARM
		{CEDE531B-BF40-42D4-A6A4-4FC2C15063A2}.Debug|ARM.Build.0 = Debug|ARM
		{CEDE531B-BF40-42D4-A6A4-4FC2C15063A2}.Debug|ARM.Deploy.0 = Debug|ARM
		{CEDE531B-BF40-42D4-A6A4-4FC2C15063A2}.Debug|x64.ActiveCfg = Debug|x64
		{CEDE531B-BF40-42D4-A6A4-4FC2C15063A2}.Debug|x64.Build.0 = Debug|x64
		{CEDE531B-BF40-42D4-A6A4-4FC2C15063A2}.Debug|x64.Deploy.0 = Debug|x64
		{CEDE531B-BF40-42D4-A6A4-4FC2C15063A2}.Debug|x86.ActiveCfg = Debug|x86
		{CEDE531B-BF40-42D4-A6A4-4FC2C15063A2}.Debug|x86.Build.0 = Debug|x86
		{CEDE531B-BF40-42D4-A6A4-4FC2C15063A2}.Debug|x86.Deploy.0 = Debug|x86
		{CEDE531B-BF40-42D4-A6A4-4FC2C15063A2}.Release|Any CPU.ActiveCfg = Release|Any CPU
		{CEDE531B-BF40-42D4-A6A4-4FC2C15063A2}.Release|Any CPU.Build.0 = Release|Any CPU
		{CEDE531B-BF40-42D4-A6A4-4FC2C15063A2}.Release|Any CPU.Deploy.0 = Release|Any CPU
		{CEDE531B-BF40-42D4-A6A4-4FC2C15063A2}.Release|ARM.ActiveCfg = Release|ARM
		{CEDE531B-BF40-42D4-A6A4-4FC2C15063A2}.Release|ARM.Build.0 = Release|ARM
		{CEDE531B-BF40-42D4-A6A4-4FC2C15063A2}.Release|ARM.Deploy.0 = Release|ARM
		{CEDE531B-BF40-42D4-A6A4-4FC2C15063A2}.Release|x64.ActiveCfg = Release|x64
		{CEDE531B-BF40-42D4-A6A4-4FC2C15063A2}.Release|x64.Build.0 = Release|x64
		{CEDE531B-BF40-42D4-A6A4-4FC2C15063A2}.Release|x64.Deploy.0 = Release|x64
		{CEDE531B-BF40-42D4-A6A4-4FC2C15063A2}.Release|x86.ActiveCfg = Release|x86
		{CEDE531B-BF40-42D4-A6A4-4FC2C15063A2}.Release|x86.Build.0 = Release|x86
		{CEDE531B-BF40-42D4-A6A4-4FC2C15063A2}.Release|x86.Deploy.0 = Release|x86
	EndGlobalSection
	GlobalSection(SolutionProperties) = preSolution
		HideSolutionNode = FALSE
	EndGlobalSection
EndGlobal
