
Microsoft Visual Studio Solution File, Format Version 12.00
# Visual Studio Express 2013 for Windows
VisualStudioVersion = 12.0.20605.0 PREVIEW
MinimumVisualStudioVersion = 10.0.40219.1
Project("{F184B08F-C81C-45F6-A57F-5ABD9991F28F}") = "HelloWorld_Part1", "HelloWorld_Part1\HelloWorld_Part1.vbproj", "{4CB3166D-2982-49D7-9EAB-87A914057B52}"
EndProject
Project("{F184B08F-C81C-45F6-A57F-5ABD9991F28F}") = "HelloWorld_Part2", "HelloWorld_Part2\HelloWorld_Part2.vbproj", "{E6E63156-02AF-4184-B1B2-303B04CF185B}"
EndProject
Project("{F184B08F-C81C-45F6-A57F-5ABD9991F28F}") = "HelloWorld_Part3", "HelloWorld_Part3\HelloWorld_Part3.vbproj", "{F28B39F0-82DE-481A-ADC0-BCA704538DA6}"
EndProject
Project("{F184B08F-C81C-45F6-A57F-5ABD9991F28F}") = "HelloWorld_Part4", "HelloWorld_Part4\HelloWorld_Part4.vbproj", "{8FBACDB7-6A61-4A78-8BED-64F0BA44B35B}"
EndProject
Global
	GlobalSection(SolutionConfigurationPlatforms) = preSolution
		Debug|Any CPU = Debug|Any CPU
		Debug|ARM = Debug|ARM
		Debug|x64 = Debug|x64
		Debug|x86 = Debug|x86
		Release|Any CPU = Release|Any CPU
		Release|ARM = Release|ARM
		Release|x64 = Release|x64
		Release|x86 = Release|x86
	EndGlobalSection
	GlobalSection(ProjectConfigurationPlatforms) = postSolution
		{4CB3166D-2982-49D7-9EAB-87A914057B52}.Debug|Any CPU.ActiveCfg = Debug|Any CPU
		{4CB3166D-2982-49D7-9EAB-87A914057B52}.Debug|Any CPU.Build.0 = Debug|Any CPU
		{4CB3166D-2982-49D7-9EAB-87A914057B52}.Debug|Any CPU.Deploy.0 = Debug|Any CPU
		{4CB3166D-2982-49D7-9EAB-87A914057B52}.Debug|ARM.ActiveCfg = Debug|ARM
		{4CB3166D-2982-49D7-9EAB-87A914057B52}.Debug|ARM.Build.0 = Debug|ARM
		{4CB3166D-2982-49D7-9EAB-87A914057B52}.Debug|ARM.Deploy.0 = Debug|ARM
		{4CB3166D-2982-49D7-9EAB-87A914057B52}.Debug|x64.ActiveCfg = Debug|x64
		{4CB3166D-2982-49D7-9EAB-87A914057B52}.Debug|x64.Build.0 = Debug|x64
		{4CB3166D-2982-49D7-9EAB-87A914057B52}.Debug|x64.Deploy.0 = Debug|x64
		{4CB3166D-2982-49D7-9EAB-87A914057B52}.Debug|x86.ActiveCfg = Debug|x86
		{4CB3166D-2982-49D7-9EAB-87A914057B52}.Debug|x86.Build.0 = Debug|x86
		{4CB3166D-2982-49D7-9EAB-87A914057B52}.Debug|x86.Deploy.0 = Debug|x86
		{4CB3166D-2982-49D7-9EAB-87A914057B52}.Release|Any CPU.ActiveCfg = Release|Any CPU
		{4CB3166D-2982-49D7-9EAB-87A914057B52}.Release|Any CPU.Build.0 = Release|Any CPU
		{4CB3166D-2982-49D7-9EAB-87A914057B52}.Release|Any CPU.Deploy.0 = Release|Any CPU
		{4CB3166D-2982-49D7-9EAB-87A914057B52}.Release|ARM.ActiveCfg = Release|ARM
		{4CB3166D-2982-49D7-9EAB-87A914057B52}.Release|ARM.Build.0 = Release|ARM
		{4CB3166D-2982-49D7-9EAB-87A914057B52}.Release|ARM.Deploy.0 = Release|ARM
		{4CB3166D-2982-49D7-9EAB-87A914057B52}.Release|x64.ActiveCfg = Release|x64
		{4CB3166D-2982-49D7-9EAB-87A914057B52}.Release|x64.Build.0 = Release|x64
		{4CB3166D-2982-49D7-9EAB-87A914057B52}.Release|x64.Deploy.0 = Release|x64
		{4CB3166D-2982-49D7-9EAB-87A914057B52}.Release|x86.ActiveCfg = Release|x86
		{4CB3166D-2982-49D7-9EAB-87A914057B52}.Release|x86.Build.0 = Release|x86
		{4CB3166D-2982-49D7-9EAB-87A914057B52}.Release|x86.Deploy.0 = Release|x86
		{E6E63156-02AF-4184-B1B2-303B04CF185B}.Debug|Any CPU.ActiveCfg = Debug|Any CPU
		{E6E63156-02AF-4184-B1B2-303B04CF185B}.Debug|Any CPU.Build.0 = Debug|Any CPU
		{E6E63156-02AF-4184-B1B2-303B04CF185B}.Debug|Any CPU.Deploy.0 = Debug|Any CPU
		{E6E63156-02AF-4184-B1B2-303B04CF185B}.Debug|ARM.ActiveCfg = Debug|ARM
		{E6E63156-02AF-4184-B1B2-303B04CF185B}.Debug|ARM.Build.0 = Debug|ARM
		{E6E63156-02AF-4184-B1B2-303B04CF185B}.Debug|ARM.Deploy.0 = Debug|ARM
		{E6E63156-02AF-4184-B1B2-303B04CF185B}.Debug|x64.ActiveCfg = Debug|x64
		{E6E63156-02AF-4184-B1B2-303B04CF185B}.Debug|x64.Build.0 = Debug|x64
		{E6E63156-02AF-4184-B1B2-303B04CF185B}.Debug|x64.Deploy.0 = Debug|x64
		{E6E63156-02AF-4184-B1B2-303B04CF185B}.Debug|x86.ActiveCfg = Debug|x86
		{E6E63156-02AF-4184-B1B2-303B04CF185B}.Debug|x86.Build.0 = Debug|x86
		{E6E63156-02AF-4184-B1B2-303B04CF185B}.Debug|x86.Deploy.0 = Debug|x86
		{E6E63156-02AF-4184-B1B2-303B04CF185B}.Release|Any CPU.ActiveCfg = Release|Any CPU
		{E6E63156-02AF-4184-B1B2-303B04CF185B}.Release|Any CPU.Build.0 = Release|Any CPU
		{E6E63156-02AF-4184-B1B2-303B04CF185B}.Release|Any CPU.Deploy.0 = Release|Any CPU
		{E6E63156-02AF-4184-B1B2-303B04CF185B}.Release|ARM.ActiveCfg = Release|ARM
		{E6E63156-02AF-4184-B1B2-303B04CF185B}.Release|ARM.Build.0 = Release|ARM
		{E6E63156-02AF-4184-B1B2-303B04CF185B}.Release|ARM.Deploy.0 = Release|ARM
		{E6E63156-02AF-4184-B1B2-303B04CF185B}.Release|x64.ActiveCfg = Release|x64
		{E6E63156-02AF-4184-B1B2-303B04CF185B}.Release|x64.Build.0 = Release|x64
		{E6E63156-02AF-4184-B1B2-303B04CF185B}.Release|x64.Deploy.0 = Release|x64
		{E6E63156-02AF-4184-B1B2-303B04CF185B}.Release|x86.ActiveCfg = Release|x86
		{E6E63156-02AF-4184-B1B2-303B04CF185B}.Release|x86.Build.0 = Release|x86
		{E6E63156-02AF-4184-B1B2-303B04CF185B}.Release|x86.Deploy.0 = Release|x86
		{F28B39F0-82DE-481A-ADC0-BCA704538DA6}.Debug|Any CPU.ActiveCfg = Debug|Any CPU
		{F28B39F0-82DE-481A-ADC0-BCA704538DA6}.Debug|Any CPU.Build.0 = Debug|Any CPU
		{F28B39F0-82DE-481A-ADC0-BCA704538DA6}.Debug|Any CPU.Deploy.0 = Debug|Any CPU
		{F28B39F0-82DE-481A-ADC0-BCA704538DA6}.Debug|ARM.ActiveCfg = Debug|ARM
		{F28B39F0-82DE-481A-ADC0-BCA704538DA6}.Debug|ARM.Build.0 = Debug|ARM
		{F28B39F0-82DE-481A-ADC0-BCA704538DA6}.Debug|ARM.Deploy.0 = Debug|ARM
		{F28B39F0-82DE-481A-ADC0-BCA704538DA6}.Debug|x64.ActiveCfg = Debug|x64
		{F28B39F0-82DE-481A-ADC0-BCA704538DA6}.Debug|x64.Build.0 = Debug|x64
		{F28B39F0-82DE-481A-ADC0-BCA704538DA6}.Debug|x64.Deploy.0 = Debug|x64
		{F28B39F0-82DE-481A-ADC0-BCA704538DA6}.Debug|x86.ActiveCfg = Debug|x86
		{F28B39F0-82DE-481A-ADC0-BCA704538DA6}.Debug|x86.Build.0 = Debug|x86
		{F28B39F0-82DE-481A-ADC0-BCA704538DA6}.Debug|x86.Deploy.0 = Debug|x86
		{F28B39F0-82DE-481A-ADC0-BCA704538DA6}.Release|Any CPU.ActiveCfg = Release|Any CPU
		{F28B39F0-82DE-481A-ADC0-BCA704538DA6}.Release|Any CPU.Build.0 = Release|Any CPU
		{F28B39F0-82DE-481A-ADC0-BCA704538DA6}.Release|Any CPU.Deploy.0 = Release|Any CPU
		{F28B39F0-82DE-481A-ADC0-BCA704538DA6}.Release|ARM.ActiveCfg = Release|ARM
		{F28B39F0-82DE-481A-ADC0-BCA704538DA6}.Release|ARM.Build.0 = Release|ARM
		{F28B39F0-82DE-481A-ADC0-BCA704538DA6}.Release|ARM.Deploy.0 = Release|ARM
		{F28B39F0-82DE-481A-ADC0-BCA704538DA6}.Release|x64.ActiveCfg = Release|x64
		{F28B39F0-82DE-481A-ADC0-BCA704538DA6}.Release|x64.Build.0 = Release|x64
		{F28B39F0-82DE-481A-ADC0-BCA704538DA6}.Release|x64.Deploy.0 = Release|x64
		{F28B39F0-82DE-481A-ADC0-BCA704538DA6}.Release|x86.ActiveCfg = Release|x86
		{F28B39F0-82DE-481A-ADC0-BCA704538DA6}.Release|x86.Build.0 = Release|x86
		{F28B39F0-82DE-481A-ADC0-BCA704538DA6}.Release|x86.Deploy.0 = Release|x86
		{8FBACDB7-6A61-4A78-8BED-64F0BA44B35B}.Debug|Any CPU.ActiveCfg = Debug|Any CPU
		{8FBACDB7-6A61-4A78-8BED-64F0BA44B35B}.Debug|Any CPU.Build.0 = Debug|Any CPU
		{8FBACDB7-6A61-4A78-8BED-64F0BA44B35B}.Debug|Any CPU.Deploy.0 = Debug|Any CPU
		{8FBACDB7-6A61-4A78-8BED-64F0BA44B35B}.Debug|ARM.ActiveCfg = Debug|ARM
		{8FBACDB7-6A61-4A78-8BED-64F0BA44B35B}.Debug|ARM.Build.0 = Debug|ARM
		{8FBACDB7-6A61-4A78-8BED-64F0BA44B35B}.Debug|ARM.Deploy.0 = Debug|ARM
		{8FBACDB7-6A61-4A78-8BED-64F0BA44B35B}.Debug|x64.ActiveCfg = Debug|x64
		{8FBACDB7-6A61-4A78-8BED-64F0BA44B35B}.Debug|x64.Build.0 = Debug|x64
		{8FBACDB7-6A61-4A78-8BED-64F0BA44B35B}.Debug|x64.Deploy.0 = Debug|x64
		{8FBACDB7-6A61-4A78-8BED-64F0BA44B35B}.Debug|x86.ActiveCfg = Debug|x86
		{8FBACDB7-6A61-4A78-8BED-64F0BA44B35B}.Debug|x86.Build.0 = Debug|x86
		{8FBACDB7-6A61-4A78-8BED-64F0BA44B35B}.Debug|x86.Deploy.0 = Debug|x86
		{8FBACDB7-6A61-4A78-8BED-64F0BA44B35B}.Release|Any CPU.ActiveCfg = Release|Any CPU
		{8FBACDB7-6A61-4A78-8BED-64F0BA44B35B}.Release|Any CPU.Build.0 = Release|Any CPU
		{8FBACDB7-6A61-4A78-8BED-64F0BA44B35B}.Release|Any CPU.Deploy.0 = Release|Any CPU
		{8FBACDB7-6A61-4A78-8BED-64F0BA44B35B}.Release|ARM.ActiveCfg = Release|ARM
		{8FBACDB7-6A61-4A78-8BED-64F0BA44B35B}.Release|ARM.Build.0 = Release|ARM
		{8FBACDB7-6A61-4A78-8BED-64F0BA44B35B}.Release|ARM.Deploy.0 = Release|ARM
		{8FBACDB7-6A61-4A78-8BED-64F0BA44B35B}.Release|x64.ActiveCfg = Release|x64
		{8FBACDB7-6A61-4A78-8BED-64F0BA44B35B}.Release|x64.Build.0 = Release|x64
		{8FBACDB7-6A61-4A78-8BED-64F0BA44B35B}.Release|x64.Deploy.0 = Release|x64
		{8FBACDB7-6A61-4A78-8BED-64F0BA44B35B}.Release|x86.ActiveCfg = Release|x86
		{8FBACDB7-6A61-4A78-8BED-64F0BA44B35B}.Release|x86.Build.0 = Release|x86
		{8FBACDB7-6A61-4A78-8BED-64F0BA44B35B}.Release|x86.Deploy.0 = Release|x86
	EndGlobalSection
	GlobalSection(SolutionProperties) = preSolution
		HideSolutionNode = FALSE
	EndGlobalSection
EndGlobal
