
Microsoft Visual Studio Solution File, Format Version 12.00
# Visual Studio 2012
Project("{8BC9CEB8-8B4A-11D0-8D11-00A0C91BC942}") = "ThreadPoolQuickstart", "ThreadPoolQuickstart.vcxproj", "{396B218E-C59D-41CE-BAFF-D8B9D8BDF68D}"
EndProject
Global
	GlobalSection(SolutionConfigurationPlatforms) = preSolution
		Debug|ARM = Debug|ARM
		Debug|Win32 = Debug|Win32
		Debug|x64 = Debug|x64
		Release|ARM = Release|ARM
		Release|Win32 = Release|Win32
		Release|x64 = Release|x64
	EndGlobalSection
	GlobalSection(ProjectConfigurationPlatforms) = postSolution
		{396B218E-C59D-41CE-BAFF-D8B9D8BDF68D}.Debug|ARM.ActiveCfg = Debug|ARM
		{396B218E-C59D-41CE-BAFF-D8B9D8BDF68D}.Debug|ARM.Build.0 = Debug|ARM
		{396B218E-C59D-41CE-BAFF-D8B9D8BDF68D}.Debug|ARM.Deploy.0 = Debug|ARM
		{396B218E-C59D-41CE-BAFF-D8B9D8BDF68D}.Debug|Win32.ActiveCfg = Debug|Win32
		{396B218E-C59D-41CE-BAFF-D8B9D8BDF68D}.Debug|Win32.Build.0 = Debug|Win32
		{396B218E-C59D-41CE-BAFF-D8B9D8BDF68D}.Debug|Win32.Deploy.0 = Debug|Win32
		{396B218E-C59D-41CE-BAFF-D8B9D8BDF68D}.Debug|x64.ActiveCfg = Debug|x64
		{396B218E-C59D-41CE-BAFF-D8B9D8BDF68D}.Debug|x64.Build.0 = Debug|x64
		{396B218E-C59D-41CE-BAFF-D8B9D8BDF68D}.Debug|x64.Deploy.0 = Debug|x64
		{396B218E-C59D-41CE-BAFF-D8B9D8BDF68D}.Release|ARM.ActiveCfg = Release|ARM
		{396B218E-C59D-41CE-BAFF-D8B9D8BDF68D}.Release|ARM.Build.0 = Release|ARM
		{396B218E-C59D-41CE-BAFF-D8B9D8BDF68D}.Release|ARM.Deploy.0 = Release|ARM
		{396B218E-C59D-41CE-BAFF-D8B9D8BDF68D}.Release|Win32.ActiveCfg = Release|Win32
		{396B218E-C59D-41CE-BAFF-D8B9D8BDF68D}.Release|Win32.Build.0 = Release|Win32
		{396B218E-C59D-41CE-BAFF-D8B9D8BDF68D}.Release|Win32.Deploy.0 = Release|Win32
		{396B218E-C59D-41CE-BAFF-D8B9D8BDF68D}.Release|x64.ActiveCfg = Release|x64
		{396B218E-C59D-41CE-BAFF-D8B9D8BDF68D}.Release|x64.Build.0 = Release|x64
		{396B218E-C59D-41CE-BAFF-D8B9D8BDF68D}.Release|x64.Deploy.0 = Release|x64
	EndGlobalSection
	GlobalSection(SolutionProperties) = preSolution
		HideSolutionNode = FALSE
	EndGlobalSection
EndGlobal
